
Microsoft Visual Studio Solution File, Format Version 12.00
# Visual Studio Version 17
VisualStudioVersion = 17.9.34616.47
MinimumVisualStudioVersion = 10.0.40219.1
Project("{FAE04EC0-301F-11D3-BF4B-00C04F79EFBC}") = "RepositoryPractice4", "RepositoryPractice4\RepositoryPractice4.csproj", "{FEB01B8F-2195-4DBD-B7A1-6793F6E7ED75}"
EndProject
Global
	GlobalSection(SolutionConfigurationPlatforms) = preSolution
		Debug|Any CPU = Debug|Any CPU
		Release|Any CPU = Release|Any CPU
	EndGlobalSection
	GlobalSection(ProjectConfigurationPlatforms) = postSolution
		{FEB01B8F-2195-4DBD-B7A1-6793F6E7ED75}.Debug|Any CPU.ActiveCfg = Debug|Any CPU
		{FEB01B8F-2195-4DBD-B7A1-6793F6E7ED75}.Debug|Any CPU.Build.0 = Debug|Any CPU
		{FEB01B8F-2195-4DBD-B7A1-6793F6E7ED75}.Release|Any CPU.ActiveCfg = Release|Any CPU
		{FEB01B8F-2195-4DBD-B7A1-6793F6E7ED75}.Release|Any CPU.Build.0 = Release|Any CPU
	EndGlobalSection
	GlobalSection(SolutionProperties) = preSolution
		HideSolutionNode = FALSE
	EndGlobalSection
	GlobalSection(ExtensibilityGlobals) = postSolution
		SolutionGuid = {51EE0DA7-DA8C-42E9-BFCC-B863D512FFC8}
	EndGlobalSection
EndGlobal
